
Microsoft Visual Studio Solution File, Format Version 12.00
# Visual Studio Version 17
VisualStudioVersion = 17.13.35931.197 d17.13
MinimumVisualStudioVersion = 10.0.40219.1
Project("{FAE04EC0-301F-11D3-BF4B-00C04F79EFBC}") = "UlyanovAA", "UlyanovAA\UlyanovAA.csproj", "{FDA9C102-B769-46AB-A364-C4B4C3583549}"
EndProject
Global
	GlobalSection(SolutionConfigurationPlatforms) = preSolution
		Debug|Any CPU = Debug|Any CPU
		Release|Any CPU = Release|Any CPU
	EndGlobalSection
	GlobalSection(ProjectConfigurationPlatforms) = postSolution
		{FDA9C102-B769-46AB-A364-C4B4C3583549}.Debug|Any CPU.ActiveCfg = Debug|Any CPU
		{FDA9C102-B769-46AB-A364-C4B4C3583549}.Debug|Any CPU.Build.0 = Debug|Any CPU
		{FDA9C102-B769-46AB-A364-C4B4C3583549}.Release|Any CPU.ActiveCfg = Release|Any CPU
		{FDA9C102-B769-46AB-A364-C4B4C3583549}.Release|Any CPU.Build.0 = Release|Any CPU
	EndGlobalSection
	GlobalSection(SolutionProperties) = preSolution
		HideSolutionNode = FALSE
	EndGlobalSection
	GlobalSection(ExtensibilityGlobals) = postSolution
		SolutionGuid = {17783339-27FF-457D-BD71-831B50255F3D}
	EndGlobalSection
EndGlobal
